
Microsoft Visual Studio Solution File, Format Version 12.00
# Visual Studio Version 17
VisualStudioVersion = 17.10.35004.147
MinimumVisualStudioVersion = 10.0.40219.1
Project("{FAE04EC0-301F-11D3-BF4B-00C04F79EFBC}") = "WebApplication1", "WebApplication1.csproj", "{ADD10798-4068-431C-AB3D-233EBFC0E9F6}"
EndProject
Global
	GlobalSection(SolutionConfigurationPlatforms) = preSolution
		Debug|Any CPU = Debug|Any CPU
		Release|Any CPU = Release|Any CPU
	EndGlobalSection
	GlobalSection(ProjectConfigurationPlatforms) = postSolution
		{ADD10798-4068-431C-AB3D-233EBFC0E9F6}.Debug|Any CPU.ActiveCfg = Debug|Any CPU
		{ADD10798-4068-431C-AB3D-233EBFC0E9F6}.Debug|Any CPU.Build.0 = Debug|Any CPU
		{ADD10798-4068-431C-AB3D-233EBFC0E9F6}.Release|Any CPU.ActiveCfg = Release|Any CPU
		{ADD10798-4068-431C-AB3D-233EBFC0E9F6}.Release|Any CPU.Build.0 = Release|Any CPU
	EndGlobalSection
	GlobalSection(SolutionProperties) = preSolution
		HideSolutionNode = FALSE
	EndGlobalSection
	GlobalSection(ExtensibilityGlobals) = postSolution
		SolutionGuid = {1A192BB6-6FC0-45C2-ACF2-D0C284B328C4}
	EndGlobalSection
EndGlobal
